PODS:
  - SJCSimplePDFView (1.0.0)

DEPENDENCIES:
  - SJCSimplePDFView (from `https://github.com/conquermobile/SJCSimplePDFView.git`,
    branch `master`)

EXTERNAL SOURCES:
  SJCSimplePDFView:
    :branch: master
    :git: https://github.com/conquermobile/SJCSimplePDFView.git

CHECKOUT OPTIONS:
  SJCSimplePDFView:
    :commit: a2d281ca27bcb12a1db22a497ad0e9427dfc7d43
    :git: https://github.com/conquermobile/SJCSimplePDFView.git

SPEC CHECKSUMS:
  SJCSimplePDFView: f56890f1d73eb242850bc37f91a482caa0bc51f1

COCOAPODS: 0.39.0.beta.4
